
Microsoft Visual Studio Solution File, Format Version 12.00
# Visual Studio 15
VisualStudioVersion = 15.0.27130.2010
MinimumVisualStudioVersion = 10.0.40219.1
Project("{FAE04EC0-301F-11D3-BF4B-00C04F79EFBC}") = "Math Quiz", "Math Quiz\Math Quiz.csproj", "{8B09B12B-6E27-4806-9692-612C79EED890}"
EndProject
Global
	GlobalSection(SolutionConfigurationPlatforms) = preSolution
		Debug|Any CPU = Debug|Any CPU
		Release|Any CPU = Release|Any CPU
	EndGlobalSection
	GlobalSection(ProjectConfigurationPlatforms) = postSolution
		{8B09B12B-6E27-4806-9692-612C79EED890}.Debug|Any CPU.ActiveCfg = Debug|Any CPU
		{8B09B12B-6E27-4806-9692-612C79EED890}.Debug|Any CPU.Build.0 = Debug|Any CPU
		{8B09B12B-6E27-4806-9692-612C79EED890}.Release|Any CPU.ActiveCfg = Release|Any CPU
		{8B09B12B-6E27-4806-9692-612C79EED890}.Release|Any CPU.Build.0 = Release|Any CPU
	EndGlobalSection
	GlobalSection(SolutionProperties) = preSolution
		HideSolutionNode = FALSE
	EndGlobalSection
	GlobalSection(ExtensibilityGlobals) = postSolution
		SolutionGuid = {DED6F4A5-FB41-4CB3-A5D3-EB8F12606861}
	EndGlobalSection
EndGlobal
